
Microsoft Visual Studio Solution File, Format Version 12.00
# Visual Studio Version 16
VisualStudioVersion = 16.0.30011.22
MinimumVisualStudioVersion = 10.0.40219.1
Project("{9A19103F-16F7-4668-BE54-9A1E7A4F7556}") = "crowdFunding.Core", "..\crowdFunding.Core\crowdFunding.Core.csproj", "{7D2F44E2-720E-45AC-B7F2-C22391CAA706}"
EndProject
Project("{9A19103F-16F7-4668-BE54-9A1E7A4F7556}") = "crowdFunding.Web", "..\crowdFunding.Web\crowdFunding.Web.csproj", "{0355FE8C-DE64-486C-BFDF-DBADB65734D9}"
EndProject
Global
	GlobalSection(SolutionConfigurationPlatforms) = preSolution
		Debug|Any CPU = Debug|Any CPU
		Release|Any CPU = Release|Any CPU
	EndGlobalSection
	GlobalSection(ProjectConfigurationPlatforms) = postSolution
		{7D2F44E2-720E-45AC-B7F2-C22391CAA706}.Debug|Any CPU.ActiveCfg = Debug|Any CPU
		{7D2F44E2-720E-45AC-B7F2-C22391CAA706}.Debug|Any CPU.Build.0 = Debug|Any CPU
		{7D2F44E2-720E-45AC-B7F2-C22391CAA706}.Release|Any CPU.ActiveCfg = Release|Any CPU
		{7D2F44E2-720E-45AC-B7F2-C22391CAA706}.Release|Any CPU.Build.0 = Release|Any CPU
		{0355FE8C-DE64-486C-BFDF-DBADB65734D9}.Debug|Any CPU.ActiveCfg = Debug|Any CPU
		{0355FE8C-DE64-486C-BFDF-DBADB65734D9}.Debug|Any CPU.Build.0 = Debug|Any CPU
		{0355FE8C-DE64-486C-BFDF-DBADB65734D9}.Release|Any CPU.ActiveCfg = Release|Any CPU
		{0355FE8C-DE64-486C-BFDF-DBADB65734D9}.Release|Any CPU.Build.0 = Release|Any CPU
	EndGlobalSection
	GlobalSection(SolutionProperties) = preSolution
		HideSolutionNode = FALSE
	EndGlobalSection
	GlobalSection(ExtensibilityGlobals) = postSolution
		SolutionGuid = {2EAA8C53-1655-4D8E-8AE6-2AE88F928B2A}
	EndGlobalSection
EndGlobal
